
Microsoft Visual Studio Solution File, Format Version 12.00
# Visual Studio Version 17
VisualStudioVersion = 17.14.36408.4 d17.14
MinimumVisualStudioVersion = 10.0.40219.1
Project("{FAE04EC0-301F-11D3-BF4B-00C04F79EFBC}") = "Payment.cs", "Payment.cs\Payment.cs.csproj", "{17C35D17-9111-45FE-926A-528ECECF201F}"
EndProject
Global
	GlobalSection(SolutionConfigurationPlatforms) = preSolution
		Debug|Any CPU = Debug|Any CPU
		Release|Any CPU = Release|Any CPU
	EndGlobalSection
	GlobalSection(ProjectConfigurationPlatforms) = postSolution
		{17C35D17-9111-45FE-926A-528ECECF201F}.Debug|Any CPU.ActiveCfg = Debug|Any CPU
		{17C35D17-9111-45FE-926A-528ECECF201F}.Debug|Any CPU.Build.0 = Debug|Any CPU
		{17C35D17-9111-45FE-926A-528ECECF201F}.Release|Any CPU.ActiveCfg = Release|Any CPU
		{17C35D17-9111-45FE-926A-528ECECF201F}.Release|Any CPU.Build.0 = Release|Any CPU
	EndGlobalSection
	GlobalSection(SolutionProperties) = preSolution
		HideSolutionNode = FALSE
	EndGlobalSection
	GlobalSection(ExtensibilityGlobals) = postSolution
		SolutionGuid = {B1B2140A-D6C3-4A69-B117-5E9BFCF0F31F}
	EndGlobalSection
EndGlobal
